{
  "version": 4,
  "terraform_version": "1.12.0",
  "serial": 113,
  "lineage": "33811590-974e-c90a-f149-c802c10cb575",
  "outputs": {
    "aws_route_table_ids": {
      "value": "rtb-04d6ec8d91fc39e41",
      "type": "string"
    },
    "aws_vpc_peering_connection": {
      "value": "pcx-020c742e9dc9fc3b4",
      "type": "string"
    },
    "public_subnet_ids": {
      "value": [
        "subnet-07547646212840925",
        "subnet-098ab179596987260",
        "subnet-04e8d948193baa982"
      ],
      "type": [
        "tuple",
        [
          "string",
          "string",
          "string"
        ]
      ]
    },
    "vpc_cidr_block": {
      "value": "10.20.0.0/16",
      "type": "string"
    },
    "vpc_id": {
      "value": "vpc-09e4ccf449dea3b24",
      "type": "string"
    }
  },
  "resources": [
    {
      "mode": "managed",
      "type": "aws_eks_access_entry",
      "name": "cloud9_access",
      "provider": "provider[\"registry.terraform.io/hashicorp/aws\"]",
      "instances": [
        {
          "schema_version": 0,
          "attributes": {
            "access_entry_arn": "arn:aws:eks:ap-northeast-2:833558168913:access-entry/ctuser20-cluster/role/833558168913/ctuser20-cloud9/f8cb7b07-d24c-6caf-d8c9-6cdaf33dcbe4",
            "cluster_name": "ctuser20-cluster",
            "created_at": "2025-05-22T03:35:42Z",
            "id": "ctuser20-cluster:arn:aws:iam::833558168913:role/ctuser20-cloud9",
            "kubernetes_groups": [],
            "modified_at": "2025-05-22T03:35:42Z",
            "principal_arn": "arn:aws:iam::833558168913:role/ctuser20-cloud9",
            "tags": {},
            "tags_all": {},
            "timeouts": null,
            "type": "STANDARD",
            "user_name": "arn:aws:sts::833558168913:assumed-role/ctuser20-cloud9/{{SessionName}}"
          },
          "sensitive_attributes": [],
          "identity_schema_version": 0,
          "private": "eyJlMmJmYjczMC1lY2FhLTExZTYtOGY4OC0zNDM2M2JjN2M0YzAiOnsiY3JlYXRlIjo2MDAwMDAwMDAwMDAsImRlbGV0ZSI6NjAwMDAwMDAwMDAwfX0=",
          "dependencies": [
            "aws_eks_cluster.eks",
            "aws_iam_role.cluster",
            "aws_iam_role_policy_attachment.cluster_AmazonEKSClusterPolicy",
            "aws_subnet.public",
            "aws_vpc.this"
          ]
        }
      ]
    },
    {
      "mode": "managed",
      "type": "aws_eks_access_policy_association",
      "name": "cloud9_admin_policy",
      "provider": "provider[\"registry.terraform.io/hashicorp/aws\"]",
      "instances": [
        {
          "schema_version": 0,
          "attributes": {
            "access_scope": [
              {
                "namespaces": [],
                "type": "cluster"
              }
            ],
            "associated_at": "2025-05-22 03:35:42.636 +0000 UTC",
            "cluster_name": "ctuser20-cluster",
            "id": "ctuser20-cluster#arn:aws:iam::833558168913:role/ctuser20-cloud9#arn:aws:eks::aws:cluster-access-policy/AmazonEKSAdminPolicy",
            "modified_at": "2025-05-22 03:35:42.636 +0000 UTC",
            "policy_arn": "arn:aws:eks::aws:cluster-access-policy/AmazonEKSAdminPolicy",
            "principal_arn": "arn:aws:iam::833558168913:role/ctuser20-cloud9",
            "timeouts": null
          },
          "sensitive_attributes": [],
          "identity_schema_version": 0,
          "private": "eyJlMmJmYjczMC1lY2FhLTExZTYtOGY4OC0zNDM2M2JjN2M0YzAiOnsiY3JlYXRlIjo2MDAwMDAwMDAwMDAsImRlbGV0ZSI6NjAwMDAwMDAwMDAwfX0=",
          "dependencies": [
            "aws_eks_cluster.eks",
            "aws_iam_role.cluster",
            "aws_iam_role_policy_attachment.cluster_AmazonEKSClusterPolicy",
            "aws_subnet.public",
            "aws_vpc.this"
          ]
        }
      ]
    },
    {
      "mode": "managed",
      "type": "aws_eks_cluster",
      "name": "eks",
      "provider": "provider[\"registry.terraform.io/hashicorp/aws\"]",
      "instances": [
        {
          "schema_version": 1,
          "attributes": {
            "access_config": [
              {
                "authentication_mode": "API",
                "bootstrap_cluster_creator_admin_permissions": false
              }
            ],
            "arn": "arn:aws:eks:ap-northeast-2:833558168913:cluster/ctuser20-cluster",
            "bootstrap_self_managed_addons": true,
            "certificate_authority": [
              {
                "data": "LS0tLS1CRUdJTiBDRVJUSUZJQ0FURS0tLS0tCk1JSURCVENDQWUyZ0F3SUJBZ0lJUnBmeXF6MHVEVkl3RFFZSktvWklodmNOQVFFTEJRQXdGVEVUTUJFR0ExVUUKQXhNS2EzVmlaWEp1WlhSbGN6QWVGdzB5TlRBMU1qSXdNakkxTWpaYUZ3MHpOVEExTWpBd01qTXdNalphTUJVeApFekFSQmdOVkJBTVRDbXQxWW1WeWJtVjBaWE13Z2dFaU1BMEdDU3FHU0liM0RRRUJBUVVBQTRJQkR3QXdnZ0VLCkFvSUJBUUN3TzFCR2x0RGNoSU9LN0F6ZGVkTFgzcUplSmdrc2dtUXR0VkVVYjZIUWRZYS8xZGpneDlBRnNjSmYKWEdDVnFrYmtnZGJXYXpFaHlManVoaHc3NnYxdTdxQjRDcUlPb05tWWw0dkJqYWc0d3dLOXZmMW81cTVpcFJmMQpFT3ptMVRHTkFib2VYSHpoUDBHRWpyVDNJNzA4R2dER0xPWG0vMUoyWUVmWXN4L0t0OGs2Z0UzSkhBejZuRUQ2CmptSGJuMFM2WGJKenBvV1FwelQrRm1OeVJXd25EVjFMWHQ4UG9lZ0JjVDB6cG5uYWpPRmNSOWM5Z3JYa1NYMFQKOXJkeDREZzdGZDc4NFpaQm5meG92K3d2cUVyaTIyQ0l1NG9xQkhlSmlhYXZSU2NUaGRxTGxIR3gvNXI5aEJWdAowajhQbDhYSFErNGZiNEZ2SlQzbUk5RUNKeDhQQWdNQkFBR2pXVEJYTUE0R0ExVWREd0VCL3dRRUF3SUNwREFQCkJnTlZIUk1CQWY4RUJUQURBUUgvTUIwR0ExVWREZ1FXQkJUY2lGMVdWeVVIc2tIVU5WbFltd3NpS253bjF6QVYKQmdOVkhSRUVEakFNZ2dwcmRXSmxjbTVsZEdWek1BMEdDU3FHU0liM0RRRUJDd1VBQTRJQkFRQmwvUXVKVXNXQwp3NEIrT1VxS3VKaDR4c1gwN0dpSlU5M0w1Z1dBQ0xCNkR2blhTT0N0Q3Z3NUdaWklYRGZDUGZUdFJXVDVpd25yCmpKR21NeEFvc0w1TVhJVGJ2RGYwQS91eW9EeE9KR1pocm5MM0t0ckxpWXJYeTM3Y3NTOTAxY0hhZXFCZFIzWnQKaEZVNHFadTNTb2U5QU1zWTBXc0w0T3V1WlNxTVZBRE5NL1h4S3l5SkJ0Tml4WkhNUzZKT0RHajl6S1B2THYwSgpiTkswMGd0dWplZFR4cVlJY216Yi9uZFhZR0haNXJva2N3K2hFNFNhd1VnZDAzcXN3cnZpNFVaOFhVbUZVd0tHCmVsWmpwS0MxYStaRm5Gb1VrUnN6OFR4UHl1VnJZMVdSampIK2NGdHZFdEl6bXJ3OEhwd3F0YjB1WWN4cEtoY1MKSmIzR3BYdTR3Vk54Ci0tLS0tRU5EIENFUlRJRklDQVRFLS0tLS0K"
              }
            ],
            "cluster_id": null,
            "compute_config": [],
            "created_at": "2025-05-22T02:25:56Z",
            "enabled_cluster_log_types": [],
            "encryption_config": [],
            "endpoint": "https://E4C0F58474C5D95E670EBBA595CF6C63.gr7.ap-northeast-2.eks.amazonaws.com",
            "force_update_version": null,
            "id": "ctuser20-cluster",
            "identity": [
              {
                "oidc": [
                  {
                    "issuer": "https://oidc.eks.ap-northeast-2.amazonaws.com/id/E4C0F58474C5D95E670EBBA595CF6C63"
                  }
                ]
              }
            ],
            "kubernetes_network_config": [
              {
                "elastic_load_balancing": [
                  {
                    "enabled": false
                  }
                ],
                "ip_family": "ipv4",
                "service_ipv4_cidr": "172.20.0.0/16",
                "service_ipv6_cidr": ""
              }
            ],
            "name": "ctuser20-cluster",
            "outpost_config": [],
            "platform_version": "eks.26",
            "remote_network_config": [],
            "role_arn": "arn:aws:iam::833558168913:role/ctuser20-eks-cluster-role",
            "status": "ACTIVE",
            "storage_config": [],
            "tags": {},
            "tags_all": {},
            "timeouts": null,
            "upgrade_policy": [
              {
                "support_type": "EXTENDED"
              }
            ],
            "version": "1.31",
            "vpc_config": [
              {
                "cluster_security_group_id": "sg-0763a60378049d866",
                "endpoint_private_access": false,
                "endpoint_public_access": true,
                "public_access_cidrs": [
                  "0.0.0.0/0"
                ],
                "security_group_ids": [],
                "subnet_ids": [
                  "subnet-04e8d948193baa982",
                  "subnet-07547646212840925",
                  "subnet-098ab179596987260"
                ],
                "vpc_id": "vpc-09e4ccf449dea3b24"
              }
            ],
            "zonal_shift_config": []
          },
          "sensitive_attributes": [],
          "identity_schema_version": 0,
          "private": "eyJlMmJmYjczMC1lY2FhLTExZTYtOGY4OC0zNDM2M2JjN2M0YzAiOnsiY3JlYXRlIjoxODAwMDAwMDAwMDAwLCJkZWxldGUiOjkwMDAwMDAwMDAwMCwidXBkYXRlIjozNjAwMDAwMDAwMDAwfSwic2NoZW1hX3ZlcnNpb24iOiIxIn0=",
          "dependencies": [
            "aws_iam_role.cluster",
            "aws_iam_role_policy_attachment.cluster_AmazonEKSClusterPolicy",
            "aws_subnet.public",
            "aws_vpc.this"
          ]
        }
      ]
    },
    {
      "mode": "managed",
      "type": "aws_eks_node_group",
      "name": "eks_nodegroup",
      "provider": "provider[\"registry.terraform.io/hashicorp/aws\"]",
      "instances": [
        {
          "schema_version": 0,
          "attributes": {
            "ami_type": "AL2023_x86_64_STANDARD",
            "arn": "arn:aws:eks:ap-northeast-2:833558168913:nodegroup/ctuser20-cluster/ctuser20-nodegroup/7acb7aea-c613-adc5-1b93-416a3fc083f2",
            "capacity_type": "ON_DEMAND",
            "cluster_name": "ctuser20-cluster",
            "disk_size": 20,
            "force_update_version": null,
            "id": "ctuser20-cluster:ctuser20-nodegroup",
            "instance_types": [
              "t3.medium"
            ],
            "labels": {},
            "launch_template": [],
            "node_group_name": "ctuser20-nodegroup",
            "node_group_name_prefix": "",
            "node_repair_config": [],
            "node_role_arn": "arn:aws:iam::833558168913:role/ctuser20-eks-node-group-role",
            "release_version": "1.31.7-20250519",
            "remote_access": [],
            "resources": [
              {
                "autoscaling_groups": [
                  {
                    "name": "eks-ctuser20-nodegroup-7acb7aea-c613-adc5-1b93-416a3fc083f2"
                  }
                ],
                "remote_access_security_group_id": ""
              }
            ],
            "scaling_config": [
              {
                "desired_size": 3,
                "max_size": 3,
                "min_size": 3
              }
            ],
            "status": "ACTIVE",
            "subnet_ids": [
              "subnet-04e8d948193baa982",
              "subnet-07547646212840925",
              "subnet-098ab179596987260"
            ],
            "tags": {},
            "tags_all": {},
            "taint": [],
            "timeouts": null,
            "update_config": [
              {
                "max_unavailable": 1,
                "max_unavailable_percentage": 0
              }
            ],
            "version": "1.31"
          },
          "sensitive_attributes": [],
          "identity_schema_version": 0,
          "private": "eyJlMmJmYjczMC1lY2FhLTExZTYtOGY4OC0zNDM2M2JjN2M0YzAiOnsiY3JlYXRlIjozNjAwMDAwMDAwMDAwLCJkZWxldGUiOjM2MDAwMDAwMDAwMDAsInVwZGF0ZSI6MzYwMDAwMDAwMDAwMH19",
          "dependencies": [
            "aws_eks_cluster.eks",
            "aws_iam_role.cluster",
            "aws_iam_role.eks_nodegroup_role",
            "aws_iam_role_policy_attachment.cluster_AmazonEKSClusterPolicy",
            "aws_iam_role_policy_attachment.ctuser20-AmazonEC2ContainerRegistryReadOnly",
            "aws_iam_role_policy_attachment.ctuser20-AmazonEKSWorkerNodePolicy",
            "aws_iam_role_policy_attachment.ctuser20-AmazonEKS_CNI_Policy",
            "aws_subnet.public",
            "aws_vpc.this"
          ]
        }
      ]
    },
    {
      "mode": "managed",
      "type": "aws_iam_role",
      "name": "cluster",
      "provider": "provider[\"registry.terraform.io/hashicorp/aws\"]",
      "instances": [
        {
          "schema_version": 0,
          "attributes": {
            "arn": "arn:aws:iam::833558168913:role/ctuser20-eks-cluster-role",
            "assume_role_policy": "{\"Statement\":[{\"Action\":[\"sts:AssumeRole\",\"sts:TagSession\"],\"Effect\":\"Allow\",\"Principal\":{\"Service\":\"eks.amazonaws.com\"}}],\"Version\":\"2012-10-17\"}",
            "create_date": "2025-05-22T02:25:42Z",
            "description": "",
            "force_detach_policies": false,
            "id": "ctuser20-eks-cluster-role",
            "inline_policy": [],
            "managed_policy_arns": [
              "arn:aws:iam::aws:policy/AmazonEKSClusterPolicy"
            ],
            "max_session_duration": 3600,
            "name": "ctuser20-eks-cluster-role",
            "name_prefix": "",
            "path": "/",
            "permissions_boundary": "",
            "tags": {},
            "tags_all": {},
            "unique_id": "AROA4EE7QIVIXZALRP3ZS"
          },
          "sensitive_attributes": [],
          "identity_schema_version": 0,
          "private": "bnVsbA=="
        }
      ]
    },
    {
      "mode": "managed",
      "type": "aws_iam_role",
      "name": "eks_nodegroup_role",
      "provider": "provider[\"registry.terraform.io/hashicorp/aws\"]",
      "instances": [
        {
          "schema_version": 0,
          "attributes": {
            "arn": "arn:aws:iam::833558168913:role/ctuser20-eks-node-group-role",
            "assume_role_policy": "{\"Statement\":[{\"Action\":\"sts:AssumeRole\",\"Effect\":\"Allow\",\"Principal\":{\"Service\":\"ec2.amazonaws.com\"}}],\"Version\":\"2012-10-17\"}",
            "create_date": "2025-05-22T02:25:42Z",
            "description": "",
            "force_detach_policies": false,
            "id": "ctuser20-eks-node-group-role",
            "inline_policy": [],
            "managed_policy_arns": [
              "arn:aws:iam::aws:policy/AmazonEC2ContainerRegistryReadOnly",
              "arn:aws:iam::aws:policy/AmazonEKSWorkerNodePolicy",
              "arn:aws:iam::aws:policy/AmazonEKS_CNI_Policy"
            ],
            "max_session_duration": 3600,
            "name": "ctuser20-eks-node-group-role",
            "name_prefix": "",
            "path": "/",
            "permissions_boundary": "",
            "tags": {},
            "tags_all": {},
            "unique_id": "AROA4EE7QIVIYT5O5JCKQ"
          },
          "sensitive_attributes": [],
          "identity_schema_version": 0,
          "private": "bnVsbA=="
        }
      ]
    },
    {
      "mode": "managed",
      "type": "aws_iam_role_policy_attachment",
      "name": "cluster_AmazonEKSClusterPolicy",
      "provider": "provider[\"registry.terraform.io/hashicorp/aws\"]",
      "instances": [
        {
          "schema_version": 0,
          "attributes": {
            "id": "ctuser20-eks-cluster-role-20250522022543938100000004",
            "policy_arn": "arn:aws:iam::aws:policy/AmazonEKSClusterPolicy",
            "role": "ctuser20-eks-cluster-role"
          },
          "sensitive_attributes": [],
          "identity_schema_version": 0,
          "private": "bnVsbA==",
          "dependencies": [
            "aws_iam_role.cluster"
          ]
        }
      ]
    },
    {
      "mode": "managed",
      "type": "aws_iam_role_policy_attachment",
      "name": "ctuser20-AmazonEC2ContainerRegistryReadOnly",
      "provider": "provider[\"registry.terraform.io/hashicorp/aws\"]",
      "instances": [
        {
          "schema_version": 0,
          "attributes": {
            "id": "ctuser20-eks-node-group-role-20250522022543707500000001",
            "policy_arn": "arn:aws:iam::aws:policy/AmazonEC2ContainerRegistryReadOnly",
            "role": "ctuser20-eks-node-group-role"
          },
          "sensitive_attributes": [],
          "identity_schema_version": 0,
          "private": "bnVsbA==",
          "dependencies": [
            "aws_iam_role.eks_nodegroup_role"
          ]
        }
      ]
    },
    {
      "mode": "managed",
      "type": "aws_iam_role_policy_attachment",
      "name": "ctuser20-AmazonEKSWorkerNodePolicy",
      "provider": "provider[\"registry.terraform.io/hashicorp/aws\"]",
      "instances": [
        {
          "schema_version": 0,
          "attributes": {
            "id": "ctuser20-eks-node-group-role-20250522022543932800000003",
            "policy_arn": "arn:aws:iam::aws:policy/AmazonEKSWorkerNodePolicy",
            "role": "ctuser20-eks-node-group-role"
          },
          "sensitive_attributes": [],
          "identity_schema_version": 0,
          "private": "bnVsbA==",
          "dependencies": [
            "aws_iam_role.eks_nodegroup_role"
          ]
        }
      ]
    },
    {
      "mode": "managed",
      "type": "aws_iam_role_policy_attachment",
      "name": "ctuser20-AmazonEKS_CNI_Policy",
      "provider": "provider[\"registry.terraform.io/hashicorp/aws\"]",
      "instances": [
        {
          "schema_version": 0,
          "attributes": {
            "id": "ctuser20-eks-node-group-role-20250522022543708900000002",
            "policy_arn": "arn:aws:iam::aws:policy/AmazonEKS_CNI_Policy",
            "role": "ctuser20-eks-node-group-role"
          },
          "sensitive_attributes": [],
          "identity_schema_version": 0,
          "private": "bnVsbA==",
          "dependencies": [
            "aws_iam_role.eks_nodegroup_role"
          ]
        }
      ]
    },
    {
      "mode": "managed",
      "type": "aws_internet_gateway",
      "name": "igw",
      "provider": "provider[\"registry.terraform.io/hashicorp/aws\"]",
      "instances": [
        {
          "schema_version": 0,
          "attributes": {
            "arn": "arn:aws:ec2:ap-northeast-2:833558168913:internet-gateway/igw-03ba2b245d8ac7d3d",
            "id": "igw-03ba2b245d8ac7d3d",
            "owner_id": "833558168913",
            "tags": {
              "Managed_by": "terraform",
              "Name": "ctuser20-igw"
            },
            "tags_all": {
              "Managed_by": "terraform",
              "Name": "ctuser20-igw"
            },
            "timeouts": null,
            "vpc_id": "vpc-09e4ccf449dea3b24"
          },
          "sensitive_attributes": [],
          "identity_schema_version": 0,
          "private": "eyJlMmJmYjczMC1lY2FhLTExZTYtOGY4OC0zNDM2M2JjN2M0YzAiOnsiY3JlYXRlIjoxMjAwMDAwMDAwMDAwLCJkZWxldGUiOjEyMDAwMDAwMDAwMDAsInVwZGF0ZSI6MTIwMDAwMDAwMDAwMH19",
          "dependencies": [
            "aws_vpc.this"
          ]
        }
      ]
    },
    {
      "mode": "managed",
      "type": "aws_route_table",
      "name": "rt",
      "provider": "provider[\"registry.terraform.io/hashicorp/aws\"]",
      "instances": [
        {
          "schema_version": 0,
          "attributes": {
            "arn": "arn:aws:ec2:ap-northeast-2:833558168913:route-table/rtb-04d6ec8d91fc39e41",
            "id": "rtb-04d6ec8d91fc39e41",
            "owner_id": "833558168913",
            "propagating_vgws": [],
            "route": [
              {
                "carrier_gateway_id": "",
                "cidr_block": "172.16.0.0/16",
                "core_network_arn": "",
                "destination_prefix_list_id": "",
                "egress_only_gateway_id": "",
                "gateway_id": "pcx-020c742e9dc9fc3b4",
                "ipv6_cidr_block": "",
                "local_gateway_id": "",
                "nat_gateway_id": "",
                "network_interface_id": "",
                "transit_gateway_id": "",
                "vpc_endpoint_id": "",
                "vpc_peering_connection_id": ""
              },
              {
                "carrier_gateway_id": null,
                "cidr_block": "0.0.0.0/0",
                "core_network_arn": null,
                "destination_prefix_list_id": null,
                "egress_only_gateway_id": null,
                "gateway_id": "igw-03ba2b245d8ac7d3d",
                "ipv6_cidr_block": null,
                "local_gateway_id": null,
                "nat_gateway_id": null,
                "network_interface_id": null,
                "transit_gateway_id": null,
                "vpc_endpoint_id": null,
                "vpc_peering_connection_id": null
              }
            ],
            "tags": {
              "Managed_by": "terraform",
              "Name": "ctuser20-rt"
            },
            "tags_all": {
              "Managed_by": "terraform",
              "Name": "ctuser20-rt"
            },
            "timeouts": null,
            "vpc_id": "vpc-09e4ccf449dea3b24"
          },
          "sensitive_attributes": [],
          "identity_schema_version": 0,
          "private": "eyJlMmJmYjczMC1lY2FhLTExZTYtOGY4OC0zNDM2M2JjN2M0YzAiOnsiY3JlYXRlIjozMDAwMDAwMDAwMDAsImRlbGV0ZSI6MzAwMDAwMDAwMDAwLCJ1cGRhdGUiOjEyMDAwMDAwMDAwMH19",
          "dependencies": [
            "aws_internet_gateway.igw",
            "aws_vpc.this",
            "aws_vpc_peering_connection.peer"
          ]
        }
      ]
    },
    {
      "mode": "managed",
      "type": "aws_route_table_association",
      "name": "a",
      "provider": "provider[\"registry.terraform.io/hashicorp/aws\"]",
      "instances": [
        {
          "index_key": 0,
          "schema_version": 0,
          "attributes": {
            "gateway_id": "",
            "id": "rtbassoc-0e123616496923c91",
            "route_table_id": "rtb-04d6ec8d91fc39e41",
            "subnet_id": "subnet-07547646212840925",
            "timeouts": null
          },
          "sensitive_attributes": [],
          "identity_schema_version": 0,
          "private": "eyJlMmJmYjczMC1lY2FhLTExZTYtOGY4OC0zNDM2M2JjN2M0YzAiOnsiY3JlYXRlIjozMDAwMDAwMDAwMDAsImRlbGV0ZSI6MzAwMDAwMDAwMDAwLCJ1cGRhdGUiOjEyMDAwMDAwMDAwMH19",
          "dependencies": [
            "aws_internet_gateway.igw",
            "aws_route_table.rt",
            "aws_subnet.public",
            "aws_vpc.this",
            "aws_vpc_peering_connection.peer"
          ]
        },
        {
          "index_key": 1,
          "schema_version": 0,
          "attributes": {
            "gateway_id": "",
            "id": "rtbassoc-09344dd256d41a357",
            "route_table_id": "rtb-04d6ec8d91fc39e41",
            "subnet_id": "subnet-098ab179596987260",
            "timeouts": null
          },
          "sensitive_attributes": [],
          "identity_schema_version": 0,
          "private": "eyJlMmJmYjczMC1lY2FhLTExZTYtOGY4OC0zNDM2M2JjN2M0YzAiOnsiY3JlYXRlIjozMDAwMDAwMDAwMDAsImRlbGV0ZSI6MzAwMDAwMDAwMDAwLCJ1cGRhdGUiOjEyMDAwMDAwMDAwMH19",
          "dependencies": [
            "aws_internet_gateway.igw",
            "aws_route_table.rt",
            "aws_subnet.public",
            "aws_vpc.this",
            "aws_vpc_peering_connection.peer"
          ]
        },
        {
          "index_key": 2,
          "schema_version": 0,
          "attributes": {
            "gateway_id": "",
            "id": "rtbassoc-0d9c34ab02f2dff10",
            "route_table_id": "rtb-04d6ec8d91fc39e41",
            "subnet_id": "subnet-04e8d948193baa982",
            "timeouts": null
          },
          "sensitive_attributes": [],
          "identity_schema_version": 0,
          "private": "eyJlMmJmYjczMC1lY2FhLTExZTYtOGY4OC0zNDM2M2JjN2M0YzAiOnsiY3JlYXRlIjozMDAwMDAwMDAwMDAsImRlbGV0ZSI6MzAwMDAwMDAwMDAwLCJ1cGRhdGUiOjEyMDAwMDAwMDAwMH19",
          "dependencies": [
            "aws_internet_gateway.igw",
            "aws_route_table.rt",
            "aws_subnet.public",
            "aws_vpc.this",
            "aws_vpc_peering_connection.peer"
          ]
        }
      ]
    },
    {
      "mode": "managed",
      "type": "aws_subnet",
      "name": "public",
      "provider": "provider[\"registry.terraform.io/hashicorp/aws\"]",
      "instances": [
        {
          "index_key": 0,
          "schema_version": 1,
          "attributes": {
            "arn": "arn:aws:ec2:ap-northeast-2:833558168913:subnet/subnet-07547646212840925",
            "assign_ipv6_address_on_creation": false,
            "availability_zone": "ap-northeast-2a",
            "availability_zone_id": "apne2-az1",
            "cidr_block": "10.20.1.0/24",
            "customer_owned_ipv4_pool": "",
            "enable_dns64": false,
            "enable_lni_at_device_index": 0,
            "enable_resource_name_dns_a_record_on_launch": false,
            "enable_resource_name_dns_aaaa_record_on_launch": false,
            "id": "subnet-07547646212840925",
            "ipv6_cidr_block": "",
            "ipv6_cidr_block_association_id": "",
            "ipv6_native": false,
            "map_customer_owned_ip_on_launch": false,
            "map_public_ip_on_launch": true,
            "outpost_arn": "",
            "owner_id": "833558168913",
            "private_dns_hostname_type_on_launch": "ip-name",
            "tags": {
              "Managed_by": "terraform",
              "Name": "ctuser20-public-subnet-0"
            },
            "tags_all": {
              "Managed_by": "terraform",
              "Name": "ctuser20-public-subnet-0"
            },
            "timeouts": null,
            "vpc_id": "vpc-09e4ccf449dea3b24"
          },
          "sensitive_attributes": [],
          "identity_schema_version": 0,
          "private": "eyJlMmJmYjczMC1lY2FhLTExZTYtOGY4OC0zNDM2M2JjN2M0YzAiOnsiY3JlYXRlIjo2MDAwMDAwMDAwMDAsImRlbGV0ZSI6MTIwMDAwMDAwMDAwMH0sInNjaGVtYV92ZXJzaW9uIjoiMSJ9",
          "dependencies": [
            "aws_vpc.this"
          ]
        },
        {
          "index_key": 1,
          "schema_version": 1,
          "attributes": {
            "arn": "arn:aws:ec2:ap-northeast-2:833558168913:subnet/subnet-098ab179596987260",
            "assign_ipv6_address_on_creation": false,
            "availability_zone": "ap-northeast-2b",
            "availability_zone_id": "apne2-az2",
            "cidr_block": "10.20.2.0/24",
            "customer_owned_ipv4_pool": "",
            "enable_dns64": false,
            "enable_lni_at_device_index": 0,
            "enable_resource_name_dns_a_record_on_launch": false,
            "enable_resource_name_dns_aaaa_record_on_launch": false,
            "id": "subnet-098ab179596987260",
            "ipv6_cidr_block": "",
            "ipv6_cidr_block_association_id": "",
            "ipv6_native": false,
            "map_customer_owned_ip_on_launch": false,
            "map_public_ip_on_launch": true,
            "outpost_arn": "",
            "owner_id": "833558168913",
            "private_dns_hostname_type_on_launch": "ip-name",
            "tags": {
              "Managed_by": "terraform",
              "Name": "ctuser20-public-subnet-1"
            },
            "tags_all": {
              "Managed_by": "terraform",
              "Name": "ctuser20-public-subnet-1"
            },
            "timeouts": null,
            "vpc_id": "vpc-09e4ccf449dea3b24"
          },
          "sensitive_attributes": [],
          "identity_schema_version": 0,
          "private": "eyJlMmJmYjczMC1lY2FhLTExZTYtOGY4OC0zNDM2M2JjN2M0YzAiOnsiY3JlYXRlIjo2MDAwMDAwMDAwMDAsImRlbGV0ZSI6MTIwMDAwMDAwMDAwMH0sInNjaGVtYV92ZXJzaW9uIjoiMSJ9",
          "dependencies": [
            "aws_vpc.this"
          ]
        },
        {
          "index_key": 2,
          "schema_version": 1,
          "attributes": {
            "arn": "arn:aws:ec2:ap-northeast-2:833558168913:subnet/subnet-04e8d948193baa982",
            "assign_ipv6_address_on_creation": false,
            "availability_zone": "ap-northeast-2c",
            "availability_zone_id": "apne2-az3",
            "cidr_block": "10.20.3.0/24",
            "customer_owned_ipv4_pool": "",
            "enable_dns64": false,
            "enable_lni_at_device_index": 0,
            "enable_resource_name_dns_a_record_on_launch": false,
            "enable_resource_name_dns_aaaa_record_on_launch": false,
            "id": "subnet-04e8d948193baa982",
            "ipv6_cidr_block": "",
            "ipv6_cidr_block_association_id": "",
            "ipv6_native": false,
            "map_customer_owned_ip_on_launch": false,
            "map_public_ip_on_launch": true,
            "outpost_arn": "",
            "owner_id": "833558168913",
            "private_dns_hostname_type_on_launch": "ip-name",
            "tags": {
              "Managed_by": "terraform",
              "Name": "ctuser20-public-subnet-2"
            },
            "tags_all": {
              "Managed_by": "terraform",
              "Name": "ctuser20-public-subnet-2"
            },
            "timeouts": null,
            "vpc_id": "vpc-09e4ccf449dea3b24"
          },
          "sensitive_attributes": [],
          "identity_schema_version": 0,
          "private": "eyJlMmJmYjczMC1lY2FhLTExZTYtOGY4OC0zNDM2M2JjN2M0YzAiOnsiY3JlYXRlIjo2MDAwMDAwMDAwMDAsImRlbGV0ZSI6MTIwMDAwMDAwMDAwMH0sInNjaGVtYV92ZXJzaW9uIjoiMSJ9",
          "dependencies": [
            "aws_vpc.this"
          ]
        }
      ]
    },
    {
      "mode": "managed",
      "type": "aws_vpc",
      "name": "this",
      "provider": "provider[\"registry.terraform.io/hashicorp/aws\"]",
      "instances": [
        {
          "schema_version": 1,
          "attributes": {
            "arn": "arn:aws:ec2:ap-northeast-2:833558168913:vpc/vpc-09e4ccf449dea3b24",
            "assign_generated_ipv6_cidr_block": false,
            "cidr_block": "10.20.0.0/16",
            "default_network_acl_id": "acl-02a8c49f0ee584941",
            "default_route_table_id": "rtb-00613f366898e062f",
            "default_security_group_id": "sg-0f059cc8036e76608",
            "dhcp_options_id": "dopt-0d2e35859f34ce73f",
            "enable_dns_hostnames": false,
            "enable_dns_support": true,
            "enable_network_address_usage_metrics": false,
            "id": "vpc-09e4ccf449dea3b24",
            "instance_tenancy": "default",
            "ipv4_ipam_pool_id": null,
            "ipv4_netmask_length": null,
            "ipv6_association_id": "",
            "ipv6_cidr_block": "",
            "ipv6_cidr_block_network_border_group": "",
            "ipv6_ipam_pool_id": "",
            "ipv6_netmask_length": 0,
            "main_route_table_id": "rtb-00613f366898e062f",
            "owner_id": "833558168913",
            "tags": {
              "Managed_by": "terraform",
              "Name": "ctuser20-vpc"
            },
            "tags_all": {
              "Managed_by": "terraform",
              "Name": "ctuser20-vpc"
            }
          },
          "sensitive_attributes": [],
          "identity_schema_version": 0,
          "private": "eyJzY2hlbWFfdmVyc2lvbiI6IjEifQ=="
        }
      ]
    },
    {
      "mode": "managed",
      "type": "aws_vpc_peering_connection",
      "name": "peer",
      "provider": "provider[\"registry.terraform.io/hashicorp/aws\"]",
      "instances": [
        {
          "schema_version": 0,
          "attributes": {
            "accept_status": "active",
            "accepter": [
              {
                "allow_remote_vpc_dns_resolution": false
              }
            ],
            "auto_accept": true,
            "id": "pcx-020c742e9dc9fc3b4",
            "peer_owner_id": "833558168913",
            "peer_region": "ap-northeast-2",
            "peer_vpc_id": "vpc-0760b28b158a2e63b",
            "requester": [
              {
                "allow_remote_vpc_dns_resolution": false
              }
            ],
            "tags": {
              "Managed_by": "terraform",
              "Name": "ctuser20-pcx"
            },
            "tags_all": {
              "Managed_by": "terraform",
              "Name": "ctuser20-pcx"
            },
            "timeouts": null,
            "vpc_id": "vpc-09e4ccf449dea3b24"
          },
          "sensitive_attributes": [],
          "identity_schema_version": 0,
          "private": "eyJlMmJmYjczMC1lY2FhLTExZTYtOGY4OC0zNDM2M2JjN2M0YzAiOnsiY3JlYXRlIjo2MDAwMDAwMDAwMCwiZGVsZXRlIjo2MDAwMDAwMDAwMCwidXBkYXRlIjo2MDAwMDAwMDAwMH19",
          "dependencies": [
            "aws_vpc.this"
          ]
        }
      ]
    }
  ],
  "check_results": null
}
